
Microsoft Visual Studio Solution File, Format Version 12.00
# Visual Studio 2013
VisualStudioVersion = 12.0.31101.0
MinimumVisualStudioVersion = 10.0.40219.1
Project("{8BC9CEB8-8B4A-11D0-8D11-00A0C91BC942}") = "colorDetection", "colorDetection\colorDetection.vcxproj", "{672D8ACA-23DC-4FC1-8A00-4EAEDA35277C}"
EndProject
Project("{8BC9CEB8-8B4A-11D0-8D11-00A0C91BC942}") = "motionDetectionTwoFrames", "motionDetectionTwoFrames\motionDetectionTwoFrames.vcxproj", "{B819F2A4-9AB8-4BAA-9A76-21ABE5B4682B}"
EndProject
Project("{8BC9CEB8-8B4A-11D0-8D11-00A0C91BC942}") = "backgroundSubtractor", "backgroundSubstractor\backgroundSubstractor.vcxproj", "{12E83294-4212-4779-A8AD-B30FFFDC2826}"
EndProject
Project("{8BC9CEB8-8B4A-11D0-8D11-00A0C91BC942}") = "faceDetection", "faceDetection\faceDetection.vcxproj", "{0AFA72F6-4D3A-4A33-B0DF-4B110E267BB0}"
EndProject
Project("{8BC9CEB8-8B4A-11D0-8D11-00A0C91BC942}") = "pedestriansHaarDetection", "pedestriansHaarDetection\pedestriansHaarDetection.vcxproj", "{5D8F01C9-CEA0-4359-8C71-B11FD30E7521}"
EndProject
Global
	GlobalSection(SolutionConfigurationPlatforms) = preSolution
		Debug|Win32 = Debug|Win32
		Debug|x64 = Debug|x64
		Release|Win32 = Release|Win32
		Release|x64 = Release|x64
	EndGlobalSection
	GlobalSection(ProjectConfigurationPlatforms) = postSolution
		{672D8ACA-23DC-4FC1-8A00-4EAEDA35277C}.Debug|Win32.ActiveCfg = Debug|Win32
		{672D8ACA-23DC-4FC1-8A00-4EAEDA35277C}.Debug|Win32.Build.0 = Debug|Win32
		{672D8ACA-23DC-4FC1-8A00-4EAEDA35277C}.Debug|x64.ActiveCfg = Debug|x64
		{672D8ACA-23DC-4FC1-8A00-4EAEDA35277C}.Debug|x64.Build.0 = Debug|x64
		{672D8ACA-23DC-4FC1-8A00-4EAEDA35277C}.Release|Win32.ActiveCfg = Release|Win32
		{672D8ACA-23DC-4FC1-8A00-4EAEDA35277C}.Release|Win32.Build.0 = Release|Win32
		{672D8ACA-23DC-4FC1-8A00-4EAEDA35277C}.Release|x64.ActiveCfg = Release|x64
		{672D8ACA-23DC-4FC1-8A00-4EAEDA35277C}.Release|x64.Build.0 = Release|x64
		{B819F2A4-9AB8-4BAA-9A76-21ABE5B4682B}.Debug|Win32.ActiveCfg = Debug|Win32
		{B819F2A4-9AB8-4BAA-9A76-21ABE5B4682B}.Debug|Win32.Build.0 = Debug|Win32
		{B819F2A4-9AB8-4BAA-9A76-21ABE5B4682B}.Debug|x64.ActiveCfg = Debug|x64
		{B819F2A4-9AB8-4BAA-9A76-21ABE5B4682B}.Debug|x64.Build.0 = Debug|x64
		{B819F2A4-9AB8-4BAA-9A76-21ABE5B4682B}.Release|Win32.ActiveCfg = Release|Win32
		{B819F2A4-9AB8-4BAA-9A76-21ABE5B4682B}.Release|Win32.Build.0 = Release|Win32
		{B819F2A4-9AB8-4BAA-9A76-21ABE5B4682B}.Release|x64.ActiveCfg = Release|x64
		{B819F2A4-9AB8-4BAA-9A76-21ABE5B4682B}.Release|x64.Build.0 = Release|x64
		{12E83294-4212-4779-A8AD-B30FFFDC2826}.Debug|Win32.ActiveCfg = Debug|Win32
		{12E83294-4212-4779-A8AD-B30FFFDC2826}.Debug|Win32.Build.0 = Debug|Win32
		{12E83294-4212-4779-A8AD-B30FFFDC2826}.Debug|x64.ActiveCfg = Debug|x64
		{12E83294-4212-4779-A8AD-B30FFFDC2826}.Debug|x64.Build.0 = Debug|x64
		{12E83294-4212-4779-A8AD-B30FFFDC2826}.Release|Win32.ActiveCfg = Release|Win32
		{12E83294-4212-4779-A8AD-B30FFFDC2826}.Release|Win32.Build.0 = Release|Win32
		{12E83294-4212-4779-A8AD-B30FFFDC2826}.Release|x64.ActiveCfg = Release|x64
		{12E83294-4212-4779-A8AD-B30FFFDC2826}.Release|x64.Build.0 = Release|x64
		{0AFA72F6-4D3A-4A33-B0DF-4B110E267BB0}.Debug|Win32.ActiveCfg = Debug|Win32
		{0AFA72F6-4D3A-4A33-B0DF-4B110E267BB0}.Debug|Win32.Build.0 = Debug|Win32
		{0AFA72F6-4D3A-4A33-B0DF-4B110E267BB0}.Debug|x64.ActiveCfg = Debug|x64
		{0AFA72F6-4D3A-4A33-B0DF-4B110E267BB0}.Debug|x64.Build.0 = Debug|x64
		{0AFA72F6-4D3A-4A33-B0DF-4B110E267BB0}.Release|Win32.ActiveCfg = Release|Win32
		{0AFA72F6-4D3A-4A33-B0DF-4B110E267BB0}.Release|Win32.Build.0 = Release|Win32
		{0AFA72F6-4D3A-4A33-B0DF-4B110E267BB0}.Release|x64.ActiveCfg = Release|x64
		{0AFA72F6-4D3A-4A33-B0DF-4B110E267BB0}.Release|x64.Build.0 = Release|x64
		{5D8F01C9-CEA0-4359-8C71-B11FD30E7521}.Debug|Win32.ActiveCfg = Debug|Win32
		{5D8F01C9-CEA0-4359-8C71-B11FD30E7521}.Debug|Win32.Build.0 = Debug|Win32
		{5D8F01C9-CEA0-4359-8C71-B11FD30E7521}.Debug|x64.ActiveCfg = Debug|x64
		{5D8F01C9-CEA0-4359-8C71-B11FD30E7521}.Debug|x64.Build.0 = Debug|x64
		{5D8F01C9-CEA0-4359-8C71-B11FD30E7521}.Release|Win32.ActiveCfg = Release|Win32
		{5D8F01C9-CEA0-4359-8C71-B11FD30E7521}.Release|Win32.Build.0 = Release|Win32
		{5D8F01C9-CEA0-4359-8C71-B11FD30E7521}.Release|x64.ActiveCfg = Release|x64
		{5D8F01C9-CEA0-4359-8C71-B11FD30E7521}.Release|x64.Build.0 = Release|x64
	EndGlobalSection
	GlobalSection(SolutionProperties) = preSolution
		HideSolutionNode = FALSE
	EndGlobalSection
EndGlobal
